// !$*UTF8*$!
{
	archiveVersion = 1;
	classes = {
	};
	objectVersion = 70;
	objects = {

/* Begin PBXBuildFile section */
		A76964682C2344A900D5CD2D /* .swiftlint.yml in Resources */ = {isa = PBXBuildFile; fileRef = A76964672C2344A900D5CD2D /* .swiftlint.yml */; };
		A7BC56012C233BC600B8ECEE /* RoutineBuilderApp.swift in Sources */ = {isa = PBXBuildFile; fileRef = A7BC56002C233BC600B8ECEE /* RoutineBuilderApp.swift */; };
		A7BC56032C233BC600B8ECEE /* RoutinesMainView.swift in Sources */ = {isa = PBXBuildFile; fileRef = A7BC56022C233BC600B8ECEE /* RoutinesMainView.swift */; };
		A7BC56072C233BC700B8ECEE /* Assets.xcassets in Resources */ = {isa = PBXBuildFile; fileRef = A7BC56062C233BC700B8ECEE /* Assets.xcassets */; };
		A7BC560A2C233BC700B8ECEE /* Preview Assets.xcassets in Resources */ = {isa = PBXBuildFile; fileRef = A7BC56092C233BC700B8ECEE /* Preview Assets.xcassets */; };
		A7BC56142C233BC700B8ECEE /* RoutineBuilderTests.swift in Sources */ = {isa = PBXBuildFile; fileRef = A7BC56132C233BC700B8ECEE /* RoutineBuilderTests.swift */; };
		A7BC561E2C233BC700B8ECEE /* RoutineBuilderUITests.swift in Sources */ = {isa = PBXBuildFile; fileRef = A7BC561D2C233BC700B8ECEE /* RoutineBuilderUITests.swift */; };
		A7E2C6592C35DF9D00BED30F /* Localizable.xcstrings in Resources */ = {isa = PBXBuildFile; fileRef = A7E2C6582C35DF9D00BED30F /* Localizable.xcstrings */; };
		A7E2C6622C37106A00BED30F /* RoutinesListView.swift in Sources */ = {isa = PBXBuildFile; fileRef = A7E2C6612C37106A00BED30F /* RoutinesListView.swift */; };
		A7E2C6642C3710DE00BED30F /* RoutineItemView.swift in Sources */ = {isa = PBXBuildFile; fileRef = A7E2C6632C3710DE00BED30F /* RoutineItemView.swift */; };
		A7E2C6662C37111600BED30F /* RoutineDetailsView.swift in Sources */ = {isa = PBXBuildFile; fileRef = A7E2C6652C37111600BED30F /* RoutineDetailsView.swift */; };
		A7E2C6742C3C620A00BED30F /* RoutinesSectionView.swift in Sources */ = {isa = PBXBuildFile; fileRef = A7E2C6732C3C620800BED30F /* RoutinesSectionView.swift */; };
		A7E2C6762C3C622F00BED30F /* RoutinesSectionHeaderView.swift in Sources */ = {isa = PBXBuildFile; fileRef = A7E2C6752C3C622D00BED30F /* RoutinesSectionHeaderView.swift */; };
/* End PBXBuildFile section */

/* Begin PBXContainerItemProxy section */
		A7BC56102C233BC700B8ECEE /* PBXContainerItemProxy */ = {
			isa = PBXContainerItemProxy;
			containerPortal = A7BC55F52C233BC600B8ECEE /* Project object */;
			proxyType = 1;
			remoteGlobalIDString = A7BC55FC2C233BC600B8ECEE;
			remoteInfo = RoutineBuilder;
		};
		A7BC561A2C233BC700B8ECEE /* PBXContainerItemProxy */ = {
			isa = PBXContainerItemProxy;
			containerPortal = A7BC55F52C233BC600B8ECEE /* Project object */;
			proxyType = 1;
			remoteGlobalIDString = A7BC55FC2C233BC600B8ECEE;
			remoteInfo = RoutineBuilder;
		};
/* End PBXContainerItemProxy section */

/* Begin PBXFileReference section */
		A76964672C2344A900D5CD2D /* .swiftlint.yml */ = {isa = PBXFileReference; lastKnownFileType = text.yaml; path = .swiftlint.yml; sourceTree = "<group>"; };
		A7BC55FD2C233BC600B8ECEE /* RoutineBuilder.app */ = {isa = PBXFileReference; explicitFileType = wrapper.application; includeInIndex = 0; path = RoutineBuilder.app; sourceTree = BUILT_PRODUCTS_DIR; };
		A7BC56002C233BC600B8ECEE /* RoutineBuilderApp.swift */ = {isa = PBXFileReference; lastKnownFileType = sourcecode.swift; path = RoutineBuilderApp.swift; sourceTree = "<group>"; };
		A7BC56022C233BC600B8ECEE /* RoutinesMainView.swift */ = {isa = PBXFileReference; lastKnownFileType = sourcecode.swift; path = RoutinesMainView.swift; sourceTree = "<group>"; };
		A7BC56062C233BC700B8ECEE /* Assets.xcassets */ = {isa = PBXFileReference; lastKnownFileType = folder.assetcatalog; path = Assets.xcassets; sourceTree = "<group>"; };
		A7BC56092C233BC700B8ECEE /* Preview Assets.xcassets */ = {isa = PBXFileReference; lastKnownFileType = folder.assetcatalog; path = "Preview Assets.xcassets"; sourceTree = "<group>"; };
		A7BC560F2C233BC700B8ECEE /* RoutineBuilderTests.xctest */ = {isa = PBXFileReference; explicitFileType = wrapper.cfbundle; includeInIndex = 0; path = RoutineBuilderTests.xctest; sourceTree = BUILT_PRODUCTS_DIR; };
		A7BC56132C233BC700B8ECEE /* RoutineBuilderTests.swift */ = {isa = PBXFileReference; lastKnownFileType = sourcecode.swift; path = RoutineBuilderTests.swift; sourceTree = "<group>"; };
		A7BC56192C233BC700B8ECEE /* RoutineBuilderUITests.xctest */ = {isa = PBXFileReference; explicitFileType = wrapper.cfbundle; includeInIndex = 0; path = RoutineBuilderUITests.xctest; sourceTree = BUILT_PRODUCTS_DIR; };
		A7BC561D2C233BC700B8ECEE /* RoutineBuilderUITests.swift */ = {isa = PBXFileReference; lastKnownFileType = sourcecode.swift; path = RoutineBuilderUITests.swift; sourceTree = "<group>"; };
		A7E2C6582C35DF9D00BED30F /* Localizable.xcstrings */ = {isa = PBXFileReference; lastKnownFileType = text.json.xcstrings; path = Localizable.xcstrings; sourceTree = "<group>"; };
		A7E2C6612C37106A00BED30F /* RoutinesListView.swift */ = {isa = PBXFileReference; lastKnownFileType = sourcecode.swift; path = RoutinesListView.swift; sourceTree = "<group>"; };
		A7E2C6632C3710DE00BED30F /* RoutineItemView.swift */ = {isa = PBXFileReference; lastKnownFileType = sourcecode.swift; path = RoutineItemView.swift; sourceTree = "<group>"; };
		A7E2C6652C37111600BED30F /* RoutineDetailsView.swift */ = {isa = PBXFileReference; lastKnownFileType = sourcecode.swift; path = RoutineDetailsView.swift; sourceTree = "<group>"; };
		A7E2C6732C3C620800BED30F /* RoutinesSectionView.swift */ = {isa = PBXFileReference; lastKnownFileType = sourcecode.swift; path = RoutinesSectionView.swift; sourceTree = "<group>"; };
		A7E2C6752C3C622D00BED30F /* RoutinesSectionHeaderView.swift */ = {isa = PBXFileReference; lastKnownFileType = sourcecode.swift; path = RoutinesSectionHeaderView.swift; sourceTree = "<group>"; };
/* End PBXFileReference section */

/* Begin PBXFileSystemSynchronizedBuildFileExceptionSet section */
		A7E2C65D2C37103E00BED30F /* PBXFileSystemSynchronizedBuildFileExceptionSet */ = {
			isa = PBXFileSystemSynchronizedBuildFileExceptionSet;
			membershipExceptions = (
				HeaderViewModel.swift,
				Item.swift,
				ItemsGroup.swift,
			);
			target = A7BC55FC2C233BC600B8ECEE /* RoutineBuilder */;
		};
		A7E2C66A2C3711AB00BED30F /* PBXFileSystemSynchronizedBuildFileExceptionSet */ = {
			isa = PBXFileSystemSynchronizedBuildFileExceptionSet;
			membershipExceptions = (
				"Color+extensions.swift",
				testModels.swift,
			);
			target = A7BC55FC2C233BC600B8ECEE /* RoutineBuilder */;
		};
/* End PBXFileSystemSynchronizedBuildFileExceptionSet section */

/* Begin PBXFileSystemSynchronizedRootGroup section */
		A7E2C65C2C37103900BED30F /* Models */ = {isa = PBXFileSystemSynchronizedRootGroup; exceptions = (A7E2C65D2C37103E00BED30F /* PBXFileSystemSynchronizedBuildFileExceptionSet */, ); explicitFileTypes = {}; explicitFolders = (); path = Models; sourceTree = "<group>"; };
		A7E2C6672C37114600BED30F /* Helpers */ = {isa = PBXFileSystemSynchronizedRootGroup; exceptions = (A7E2C66A2C3711AB00BED30F /* PBXFileSystemSynchronizedBuildFileExceptionSet */, ); explicitFileTypes = {}; explicitFolders = (); path = Helpers; sourceTree = "<group>"; };
/* End PBXFileSystemSynchronizedRootGroup section */

/* Begin PBXFrameworksBuildPhase section */
		A7BC55FA2C233BC600B8ECEE /* Frameworks */ = {
			isa = PBXFrameworksBuildPhase;
			buildActionMask = 2147483647;
			files = (
			);
			runOnlyForDeploymentPostprocessing = 0;
		};
		A7BC560C2C233BC700B8ECEE /* Frameworks */ = {
			isa = PBXFrameworksBuildPhase;
			buildActionMask = 2147483647;
			files = (
			);
			runOnlyForDeploymentPostprocessing = 0;
		};
		A7BC56162C233BC700B8ECEE /* Frameworks */ = {
			isa = PBXFrameworksBuildPhase;
			buildActionMask = 2147483647;
			files = (
			);
			runOnlyForDeploymentPostprocessing = 0;
		};
/* End PBXFrameworksBuildPhase section */

/* Begin PBXGroup section */
		A7BC55F42C233BC600B8ECEE = {
			isa = PBXGroup;
			children = (
				A76964672C2344A900D5CD2D /* .swiftlint.yml */,
				A7BC55FF2C233BC600B8ECEE /* RoutineBuilder */,
				A7BC56122C233BC700B8ECEE /* RoutineBuilderTests */,
				A7BC561C2C233BC700B8ECEE /* RoutineBuilderUITests */,
				A7BC55FE2C233BC600B8ECEE /* Products */,
			);
			sourceTree = "<group>";
		};
		A7BC55FE2C233BC600B8ECEE /* Products */ = {
			isa = PBXGroup;
			children = (
				A7BC55FD2C233BC600B8ECEE /* RoutineBuilder.app */,
				A7BC560F2C233BC700B8ECEE /* RoutineBuilderTests.xctest */,
				A7BC56192C233BC700B8ECEE /* RoutineBuilderUITests.xctest */,
			);
			name = Products;
			sourceTree = "<group>";
		};
		A7BC55FF2C233BC600B8ECEE /* RoutineBuilder */ = {
			isa = PBXGroup;
			children = (
				A7E2C6722C3C61E300BED30F /* Detail */,
				A7E2C6712C3C61C300BED30F /* List */,
				A7E2C6672C37114600BED30F /* Helpers */,
				A7E2C65C2C37103900BED30F /* Models */,
				A7BC56002C233BC600B8ECEE /* RoutineBuilderApp.swift */,
				A7BC56062C233BC700B8ECEE /* Assets.xcassets */,
				A7BC56082C233BC700B8ECEE /* Preview Content */,
				A7E2C6582C35DF9D00BED30F /* Localizable.xcstrings */,
			);
			path = RoutineBuilder;
			sourceTree = "<group>";
		};
		A7BC56082C233BC700B8ECEE /* Preview Content */ = {
			isa = PBXGroup;
			children = (
				A7BC56092C233BC700B8ECEE /* Preview Assets.xcassets */,
			);
			path = "Preview Content";
			sourceTree = "<group>";
		};
		A7BC56122C233BC700B8ECEE /* RoutineBuilderTests */ = {
			isa = PBXGroup;
			children = (
				A7BC56132C233BC700B8ECEE /* RoutineBuilderTests.swift */,
			);
			path = RoutineBuilderTests;
			sourceTree = "<group>";
		};
		A7BC561C2C233BC700B8ECEE /* RoutineBuilderUITests */ = {
			isa = PBXGroup;
			children = (
				A7BC561D2C233BC700B8ECEE /* RoutineBuilderUITests.swift */,
			);
			path = RoutineBuilderUITests;
			sourceTree = "<group>";
		};
		A7E2C6712C3C61C300BED30F /* List */ = {
			isa = PBXGroup;
			children = (
				A7E2C6752C3C622D00BED30F /* RoutinesSectionHeaderView.swift */,
				A7E2C6732C3C620800BED30F /* RoutinesSectionView.swift */,
				A7BC56022C233BC600B8ECEE /* RoutinesMainView.swift */,
				A7E2C6632C3710DE00BED30F /* RoutineItemView.swift */,
				A7E2C6612C37106A00BED30F /* RoutinesListView.swift */,
			);
			path = List;
			sourceTree = "<group>";
		};
		A7E2C6722C3C61E300BED30F /* Detail */ = {
			isa = PBXGroup;
			children = (
				A7E2C6652C37111600BED30F /* RoutineDetailsView.swift */,
			);
			path = Detail;
			sourceTree = "<group>";
		};
/* End PBXGroup section */

/* Begin PBXNativeTarget section */
		A7BC55FC2C233BC600B8ECEE /* RoutineBuilder */ = {
			isa = PBXNativeTarget;
			buildConfigurationList = A7BC56232C233BC700B8ECEE /* Build configuration list for PBXNativeTarget "RoutineBuilder" */;
			buildPhases = (
				A7BC55F92C233BC600B8ECEE /* Sources */,
				A7BC55FA2C233BC600B8ECEE /* Frameworks */,
				A7BC55FB2C233BC600B8ECEE /* Resources */,
			);
			buildRules = (
			);
			dependencies = (
				A76964622C2342AC00D5CD2D /* PBXTargetDependency */,
			);
			name = RoutineBuilder;
			productName = RoutineBuilder;
			productReference = A7BC55FD2C233BC600B8ECEE /* RoutineBuilder.app */;
			productType = "com.apple.product-type.application";
		};
		A7BC560E2C233BC700B8ECEE /* RoutineBuilderTests */ = {
			isa = PBXNativeTarget;
			buildConfigurationList = A7BC56262C233BC700B8ECEE /* Build configuration list for PBXNativeTarget "RoutineBuilderTests" */;
			buildPhases = (
				A7BC560B2C233BC700B8ECEE /* Sources */,
				A7BC560C2C233BC700B8ECEE /* Frameworks */,
				A7BC560D2C233BC700B8ECEE /* Resources */,
			);
			buildRules = (
			);
			dependencies = (
				A76964642C2342D900D5CD2D /* PBXTargetDependency */,
				A7BC56112C233BC700B8ECEE /* PBXTargetDependency */,
			);
			name = RoutineBuilderTests;
			productName = RoutineBuilderTests;
			productReference = A7BC560F2C233BC700B8ECEE /* RoutineBuilderTests.xctest */;
			productType = "com.apple.product-type.bundle.unit-test";
		};
		A7BC56182C233BC700B8ECEE /* RoutineBuilderUITests */ = {
			isa = PBXNativeTarget;
			buildConfigurationList = A7BC56292C233BC700B8ECEE /* Build configuration list for PBXNativeTarget "RoutineBuilderUITests" */;
			buildPhases = (
				A7BC56152C233BC700B8ECEE /* Sources */,
				A7BC56162C233BC700B8ECEE /* Frameworks */,
				A7BC56172C233BC700B8ECEE /* Resources */,
			);
			buildRules = (
			);
			dependencies = (
				A76964662C2342DD00D5CD2D /* PBXTargetDependency */,
				A7BC561B2C233BC700B8ECEE /* PBXTargetDependency */,
			);
			name = RoutineBuilderUITests;
			productName = RoutineBuilderUITests;
			productReference = A7BC56192C233BC700B8ECEE /* RoutineBuilderUITests.xctest */;
			productType = "com.apple.product-type.bundle.ui-testing";
		};
/* End PBXNativeTarget section */

/* Begin PBXProject section */
		A7BC55F52C233BC600B8ECEE /* Project object */ = {
			isa = PBXProject;
			attributes = {
				BuildIndependentTargetsInParallel = 1;
				LastSwiftUpdateCheck = 1600;
				LastUpgradeCheck = 1600;
				TargetAttributes = {
					A7BC55FC2C233BC600B8ECEE = {
						CreatedOnToolsVersion = 16.0;
					};
					A7BC560E2C233BC700B8ECEE = {
						CreatedOnToolsVersion = 16.0;
						TestTargetID = A7BC55FC2C233BC600B8ECEE;
					};
					A7BC56182C233BC700B8ECEE = {
						CreatedOnToolsVersion = 16.0;
						TestTargetID = A7BC55FC2C233BC600B8ECEE;
					};
				};
			};
			buildConfigurationList = A7BC55F82C233BC600B8ECEE /* Build configuration list for PBXProject "RoutineBuilder" */;
			compatibilityVersion = "Xcode 15.0";
			developmentRegion = en;
			hasScannedForEncodings = 0;
			knownRegions = (
				en,
				Base,
			);
			mainGroup = A7BC55F42C233BC600B8ECEE;
			packageReferences = (
				A76964602C23425A00D5CD2D /* XCRemoteSwiftPackageReference "SwiftLint" */,
			);
			productRefGroup = A7BC55FE2C233BC600B8ECEE /* Products */;
			projectDirPath = "";
			projectRoot = "";
			targets = (
				A7BC55FC2C233BC600B8ECEE /* RoutineBuilder */,
				A7BC560E2C233BC700B8ECEE /* RoutineBuilderTests */,
				A7BC56182C233BC700B8ECEE /* RoutineBuilderUITests */,
			);
		};
/* End PBXProject section */

/* Begin PBXResourcesBuildPhase section */
		A7BC55FB2C233BC600B8ECEE /* Resources */ = {
			isa = PBXResourcesBuildPhase;
			buildActionMask = 2147483647;
			files = (
				A76964682C2344A900D5CD2D /* .swiftlint.yml in Resources */,
				A7BC560A2C233BC700B8ECEE /* Preview Assets.xcassets in Resources */,
				A7E2C6592C35DF9D00BED30F /* Localizable.xcstrings in Resources */,
				A7BC56072C233BC700B8ECEE /* Assets.xcassets in Resources */,
			);
			runOnlyForDeploymentPostprocessing = 0;
		};
		A7BC560D2C233BC700B8ECEE /* Resources */ = {
			isa = PBXResourcesBuildPhase;
			buildActionMask = 2147483647;
			files = (
			);
			runOnlyForDeploymentPostprocessing = 0;
		};
		A7BC56172C233BC700B8ECEE /* Resources */ = {
			isa = PBXResourcesBuildPhase;
			buildActionMask = 2147483647;
			files = (
			);
			runOnlyForDeploymentPostprocessing = 0;
		};
/* End PBXResourcesBuildPhase section */

/* Begin PBXSourcesBuildPhase section */
		A7BC55F92C233BC600B8ECEE /* Sources */ = {
			isa = PBXSourcesBuildPhase;
			buildActionMask = 2147483647;
			files = (
				A7BC56032C233BC600B8ECEE /* RoutinesMainView.swift in Sources */,
				A7E2C6622C37106A00BED30F /* RoutinesListView.swift in Sources */,
				A7E2C6642C3710DE00BED30F /* RoutineItemView.swift in Sources */,
				A7E2C6762C3C622F00BED30F /* RoutinesSectionHeaderView.swift in Sources */,
				A7E2C6662C37111600BED30F /* RoutineDetailsView.swift in Sources */,
				A7BC56012C233BC600B8ECEE /* RoutineBuilderApp.swift in Sources */,
				A7E2C6742C3C620A00BED30F /* RoutinesSectionView.swift in Sources */,
			);
			runOnlyForDeploymentPostprocessing = 0;
		};
		A7BC560B2C233BC700B8ECEE /* Sources */ = {
			isa = PBXSourcesBuildPhase;
			buildActionMask = 2147483647;
			files = (
				A7BC56142C233BC700B8ECEE /* RoutineBuilderTests.swift in Sources */,
			);
			runOnlyForDeploymentPostprocessing = 0;
		};
		A7BC56152C233BC700B8ECEE /* Sources */ = {
			isa = PBXSourcesBuildPhase;
			buildActionMask = 2147483647;
			files = (
				A7BC561E2C233BC700B8ECEE /* RoutineBuilderUITests.swift in Sources */,
			);
			runOnlyForDeploymentPostprocessing = 0;
		};
/* End PBXSourcesBuildPhase section */

/* Begin PBXTargetDependency section */
		A76964622C2342AC00D5CD2D /* PBXTargetDependency */ = {
			isa = PBXTargetDependency;
			productRef = A76964612C2342AC00D5CD2D /* SwiftLintBuildToolPlugin */;
		};
		A76964642C2342D900D5CD2D /* PBXTargetDependency */ = {
			isa = PBXTargetDependency;
			productRef = A76964632C2342D900D5CD2D /* SwiftLintBuildToolPlugin */;
		};
		A76964662C2342DD00D5CD2D /* PBXTargetDependency */ = {
			isa = PBXTargetDependency;
			productRef = A76964652C2342DD00D5CD2D /* SwiftLintBuildToolPlugin */;
		};
		A7BC56112C233BC700B8ECEE /* PBXTargetDependency */ = {
			isa = PBXTargetDependency;
			target = A7BC55FC2C233BC600B8ECEE /* RoutineBuilder */;
			targetProxy = A7BC56102C233BC700B8ECEE /* PBXContainerItemProxy */;
		};
		A7BC561B2C233BC700B8ECEE /* PBXTargetDependency */ = {
			isa = PBXTargetDependency;
			target = A7BC55FC2C233BC600B8ECEE /* RoutineBuilder */;
			targetProxy = A7BC561A2C233BC700B8ECEE /* PBXContainerItemProxy */;
		};
/* End PBXTargetDependency section */

/* Begin XCBuildConfiguration section */
		A7BC56212C233BC700B8ECEE /* Debug */ = {
			isa = XCBuildConfiguration;
			buildSettings = {
				ALWAYS_SEARCH_USER_PATHS = NO;
				ASSETCATALOG_COMPILER_GENERATE_SWIFT_ASSET_SYMBOL_EXTENSIONS = YES;
				CLANG_ANALYZER_NONNULL = YES;
				CLANG_ANALYZER_NUMBER_OBJECT_CONVERSION = YES_AGGRESSIVE;
				CLANG_CXX_LANGUAGE_STANDARD = "gnu++20";
				CLANG_ENABLE_MODULES = YES;
				CLANG_ENABLE_OBJC_ARC = YES;
				CLANG_ENABLE_OBJC_WEAK = YES;
				CLANG_WARN_BLOCK_CAPTURE_AUTORELEASING = YES;
				CLANG_WARN_BOOL_CONVERSION = YES;
				CLANG_WARN_COMMA = YES;
				CLANG_WARN_CONSTANT_CONVERSION = YES;
				CLANG_WARN_DEPRECATED_OBJC_IMPLEMENTATIONS = YES;
				CLANG_WARN_DIRECT_OBJC_ISA_USAGE = YES_ERROR;
				CLANG_WARN_DOCUMENTATION_COMMENTS = YES;
				CLANG_WARN_EMPTY_BODY = YES;
				CLANG_WARN_ENUM_CONVERSION = YES;
				CLANG_WARN_INFINITE_RECURSION = YES;
				CLANG_WARN_INT_CONVERSION = YES;
				CLANG_WARN_NON_LITERAL_NULL_CONVERSION = YES;
				CLANG_WARN_OBJC_IMPLICIT_RETAIN_SELF = YES;
				CLANG_WARN_OBJC_LITERAL_CONVERSION = YES;
				CLANG_WARN_OBJC_ROOT_CLASS = YES_ERROR;
				CLANG_WARN_QUOTED_INCLUDE_IN_FRAMEWORK_HEADER = YES;
				CLANG_WARN_RANGE_LOOP_ANALYSIS = YES;
				CLANG_WARN_STRICT_PROTOTYPES = YES;
				CLANG_WARN_SUSPICIOUS_MOVE = YES;
				CLANG_WARN_UNGUARDED_AVAILABILITY = YES_AGGRESSIVE;
				CLANG_WARN_UNREACHABLE_CODE = YES;
				CLANG_WARN__DUPLICATE_METHOD_MATCH = YES;
				COPY_PHASE_STRIP = NO;
				DEBUG_INFORMATION_FORMAT = dwarf;
				ENABLE_STRICT_OBJC_MSGSEND = YES;
				ENABLE_TESTABILITY = YES;
				ENABLE_USER_SCRIPT_SANDBOXING = YES;
				GCC_C_LANGUAGE_STANDARD = gnu17;
				GCC_DYNAMIC_NO_PIC = NO;
				GCC_NO_COMMON_BLOCKS = YES;
				GCC_OPTIMIZATION_LEVEL = 0;
				GCC_PREPROCESSOR_DEFINITIONS = (
					"DEBUG=1",
					"$(inherited)",
				);
				GCC_WARN_64_TO_32_BIT_CONVERSION = YES;
				GCC_WARN_ABOUT_RETURN_TYPE = YES_ERROR;
				GCC_WARN_UNDECLARED_SELECTOR = YES;
				GCC_WARN_UNINITIALIZED_AUTOS = YES_AGGRESSIVE;
				GCC_WARN_UNUSED_FUNCTION = YES;
				GCC_WARN_UNUSED_VARIABLE = YES;
				IPHONEOS_DEPLOYMENT_TARGET = 18.0;
				LOCALIZATION_PREFERS_STRING_CATALOGS = YES;
				MTL_ENABLE_DEBUG_INFO = INCLUDE_SOURCE;
				MTL_FAST_MATH = YES;
				ONLY_ACTIVE_ARCH = YES;
				SDKROOT = iphoneos;
				SWIFT_ACTIVE_COMPILATION_CONDITIONS = "DEBUG $(inherited)";
				SWIFT_EMIT_LOC_STRINGS = YES;
				SWIFT_OPTIMIZATION_LEVEL = "-Onone";
			};
			name = Debug;
		};
		A7BC56222C233BC700B8ECEE /* Release */ = {
			isa = XCBuildConfiguration;
			buildSettings = {
				ALWAYS_SEARCH_USER_PATHS = NO;
				ASSETCATALOG_COMPILER_GENERATE_SWIFT_ASSET_SYMBOL_EXTENSIONS = YES;
				CLANG_ANALYZER_NONNULL = YES;
				CLANG_ANALYZER_NUMBER_OBJECT_CONVERSION = YES_AGGRESSIVE;
				CLANG_CXX_LANGUAGE_STANDARD = "gnu++20";
				CLANG_ENABLE_MODULES = YES;
				CLANG_ENABLE_OBJC_ARC = YES;
				CLANG_ENABLE_OBJC_WEAK = YES;
				CLANG_WARN_BLOCK_CAPTURE_AUTORELEASING = YES;
				CLANG_WARN_BOOL_CONVERSION = YES;
				CLANG_WARN_COMMA = YES;
				CLANG_WARN_CONSTANT_CONVERSION = YES;
				CLANG_WARN_DEPRECATED_OBJC_IMPLEMENTATIONS = YES;
				CLANG_WARN_DIRECT_OBJC_ISA_USAGE = YES_ERROR;
				CLANG_WARN_DOCUMENTATION_COMMENTS = YES;
				CLANG_WARN_EMPTY_BODY = YES;
				CLANG_WARN_ENUM_CONVERSION = YES;
				CLANG_WARN_INFINITE_RECURSION = YES;
				CLANG_WARN_INT_CONVERSION = YES;
				CLANG_WARN_NON_LITERAL_NULL_CONVERSION = YES;
				CLANG_WARN_OBJC_IMPLICIT_RETAIN_SELF = YES;
				CLANG_WARN_OBJC_LITERAL_CONVERSION = YES;
				CLANG_WARN_OBJC_ROOT_CLASS = YES_ERROR;
				CLANG_WARN_QUOTED_INCLUDE_IN_FRAMEWORK_HEADER = YES;
				CLANG_WARN_RANGE_LOOP_ANALYSIS = YES;
				CLANG_WARN_STRICT_PROTOTYPES = YES;
				CLANG_WARN_SUSPICIOUS_MOVE = YES;
				CLANG_WARN_UNGUARDED_AVAILABILITY = YES_AGGRESSIVE;
				CLANG_WARN_UNREACHABLE_CODE = YES;
				CLANG_WARN__DUPLICATE_METHOD_MATCH = YES;
				COPY_PHASE_STRIP = NO;
				DEBUG_INFORMATION_FORMAT = "dwarf-with-dsym";
				ENABLE_NS_ASSERTIONS = NO;
				ENABLE_STRICT_OBJC_MSGSEND = YES;
				ENABLE_USER_SCRIPT_SANDBOXING = YES;
				GCC_C_LANGUAGE_STANDARD = gnu17;
				GCC_NO_COMMON_BLOCKS = YES;
				GCC_WARN_64_TO_32_BIT_CONVERSION = YES;
				GCC_WARN_ABOUT_RETURN_TYPE = YES_ERROR;
				GCC_WARN_UNDECLARED_SELECTOR = YES;
				GCC_WARN_UNINITIALIZED_AUTOS = YES_AGGRESSIVE;
				GCC_WARN_UNUSED_FUNCTION = YES;
				GCC_WARN_UNUSED_VARIABLE = YES;
				IPHONEOS_DEPLOYMENT_TARGET = 18.0;
				LOCALIZATION_PREFERS_STRING_CATALOGS = YES;
				MTL_ENABLE_DEBUG_INFO = NO;
				MTL_FAST_MATH = YES;
				SDKROOT = iphoneos;
				SWIFT_COMPILATION_MODE = wholemodule;
				SWIFT_EMIT_LOC_STRINGS = YES;
				VALIDATE_PRODUCT = YES;
			};
			name = Release;
		};
		A7BC56242C233BC700B8ECEE /* Debug */ = {
			isa = XCBuildConfiguration;
			buildSettings = {
				ASSETCATALOG_COMPILER_APPICON_NAME = AppIcon;
				ASSETCATALOG_COMPILER_GLOBAL_ACCENT_COLOR_NAME = AccentColor;
				CODE_SIGN_STYLE = Automatic;
				CURRENT_PROJECT_VERSION = 1;
				DEVELOPMENT_ASSET_PATHS = "\"RoutineBuilder/Preview Content\"";
				ENABLE_PREVIEWS = YES;
				GENERATE_INFOPLIST_FILE = YES;
				INFOPLIST_KEY_UIApplicationSceneManifest_Generation = YES;
				INFOPLIST_KEY_UIApplicationSupportsIndirectInputEvents = YES;
				INFOPLIST_KEY_UILaunchScreen_Generation = YES;
				INFOPLIST_KEY_UISupportedInterfaceOrientations_iPad = "UIInterfaceOrientationPortrait UIInterfaceOrientationPortraitUpsideDown UIInterfaceOrientationLandscapeLeft UIInterfaceOrientationLandscapeRight";
				INFOPLIST_KEY_UISupportedInterfaceOrientations_iPhone = "UIInterfaceOrientationPortrait UIInterfaceOrientationLandscapeLeft UIInterfaceOrientationLandscapeRight";
				LD_RUNPATH_SEARCH_PATHS = (
					"$(inherited)",
					"@executable_path/Frameworks",
				);
				MARKETING_VERSION = 1.0;
				PRODUCT_BUNDLE_IDENTIFIER = com.sofia.rozhina.RoutineBuilder;
				PRODUCT_NAME = "$(TARGET_NAME)";
				SWIFT_EMIT_LOC_STRINGS = YES;
				SWIFT_VERSION = 5.0;
				TARGETED_DEVICE_FAMILY = "1,2";
			};
			name = Debug;
		};
		A7BC56252C233BC700B8ECEE /* Release */ = {
			isa = XCBuildConfiguration;
			buildSettings = {
				ASSETCATALOG_COMPILER_APPICON_NAME = AppIcon;
				ASSETCATALOG_COMPILER_GLOBAL_ACCENT_COLOR_NAME = AccentColor;
				CODE_SIGN_STYLE = Automatic;
				CURRENT_PROJECT_VERSION = 1;
				DEVELOPMENT_ASSET_PATHS = "\"RoutineBuilder/Preview Content\"";
				ENABLE_PREVIEWS = YES;
				GENERATE_INFOPLIST_FILE = YES;
				INFOPLIST_KEY_UIApplicationSceneManifest_Generation = YES;
				INFOPLIST_KEY_UIApplicationSupportsIndirectInputEvents = YES;
				INFOPLIST_KEY_UILaunchScreen_Generation = YES;
				INFOPLIST_KEY_UISupportedInterfaceOrientations_iPad = "UIInterfaceOrientationPortrait UIInterfaceOrientationPortraitUpsideDown UIInterfaceOrientationLandscapeLeft UIInterfaceOrientationLandscapeRight";
				INFOPLIST_KEY_UISupportedInterfaceOrientations_iPhone = "UIInterfaceOrientationPortrait UIInterfaceOrientationLandscapeLeft UIInterfaceOrientationLandscapeRight";
				LD_RUNPATH_SEARCH_PATHS = (
					"$(inherited)",
					"@executable_path/Frameworks",
				);
				MARKETING_VERSION = 1.0;
				PRODUCT_BUNDLE_IDENTIFIER = com.sofia.rozhina.RoutineBuilder;
				PRODUCT_NAME = "$(TARGET_NAME)";
				SWIFT_EMIT_LOC_STRINGS = YES;
				SWIFT_VERSION = 5.0;
				TARGETED_DEVICE_FAMILY = "1,2";
			};
			name = Release;
		};
		A7BC56272C233BC700B8ECEE /* Debug */ = {
			isa = XCBuildConfiguration;
			buildSettings = {
				BUNDLE_LOADER = "$(TEST_HOST)";
				CODE_SIGN_STYLE = Automatic;
				CURRENT_PROJECT_VERSION = 1;
				GENERATE_INFOPLIST_FILE = YES;
				IPHONEOS_DEPLOYMENT_TARGET = 18.0;
				MARKETING_VERSION = 1.0;
				PRODUCT_BUNDLE_IDENTIFIER = com.sofia.rozhina.RoutineBuilderTests;
				PRODUCT_NAME = "$(TARGET_NAME)";
				SWIFT_EMIT_LOC_STRINGS = NO;
				SWIFT_VERSION = 5.0;
				TARGETED_DEVICE_FAMILY = "1,2";
				TEST_HOST = "$(BUILT_PRODUCTS_DIR)/RoutineBuilder.app/$(BUNDLE_EXECUTABLE_FOLDER_PATH)/RoutineBuilder";
			};
			name = Debug;
		};
		A7BC56282C233BC700B8ECEE /* Release */ = {
			isa = XCBuildConfiguration;
			buildSettings = {
				BUNDLE_LOADER = "$(TEST_HOST)";
				CODE_SIGN_STYLE = Automatic;
				CURRENT_PROJECT_VERSION = 1;
				GENERATE_INFOPLIST_FILE = YES;
				IPHONEOS_DEPLOYMENT_TARGET = 18.0;
				MARKETING_VERSION = 1.0;
				PRODUCT_BUNDLE_IDENTIFIER = com.sofia.rozhina.RoutineBuilderTests;
				PRODUCT_NAME = "$(TARGET_NAME)";
				SWIFT_EMIT_LOC_STRINGS = NO;
				SWIFT_VERSION = 5.0;
				TARGETED_DEVICE_FAMILY = "1,2";
				TEST_HOST = "$(BUILT_PRODUCTS_DIR)/RoutineBuilder.app/$(BUNDLE_EXECUTABLE_FOLDER_PATH)/RoutineBuilder";
			};
			name = Release;
		};
		A7BC562A2C233BC700B8ECEE /* Debug */ = {
			isa = XCBuildConfiguration;
			buildSettings = {
				CODE_SIGN_STYLE = Automatic;
				CURRENT_PROJECT_VERSION = 1;
				GENERATE_INFOPLIST_FILE = YES;
				MARKETING_VERSION = 1.0;
				PRODUCT_BUNDLE_IDENTIFIER = com.sofia.rozhina.RoutineBuilderUITests;
				PRODUCT_NAME = "$(TARGET_NAME)";
				SWIFT_EMIT_LOC_STRINGS = NO;
				SWIFT_VERSION = 5.0;
				TARGETED_DEVICE_FAMILY = "1,2";
				TEST_TARGET_NAME = RoutineBuilder;
			};
			name = Debug;
		};
		A7BC562B2C233BC700B8ECEE /* Release */ = {
			isa = XCBuildConfiguration;
			buildSettings = {
				CODE_SIGN_STYLE = Automatic;
				CURRENT_PROJECT_VERSION = 1;
				GENERATE_INFOPLIST_FILE = YES;
				MARKETING_VERSION = 1.0;
				PRODUCT_BUNDLE_IDENTIFIER = com.sofia.rozhina.RoutineBuilderUITests;
				PRODUCT_NAME = "$(TARGET_NAME)";
				SWIFT_EMIT_LOC_STRINGS = NO;
				SWIFT_VERSION = 5.0;
				TARGETED_DEVICE_FAMILY = "1,2";
				TEST_TARGET_NAME = RoutineBuilder;
			};
			name = Release;
		};
/* End XCBuildConfiguration section */

/* Begin XCConfigurationList section */
		A7BC55F82C233BC600B8ECEE /* Build configuration list for PBXProject "RoutineBuilder" */ = {
			isa = XCConfigurationList;
			buildConfigurations = (
				A7BC56212C233BC700B8ECEE /* Debug */,
				A7BC56222C233BC700B8ECEE /* Release */,
			);
			defaultConfigurationIsVisible = 0;
			defaultConfigurationName = Release;
		};
		A7BC56232C233BC700B8ECEE /* Build configuration list for PBXNativeTarget "RoutineBuilder" */ = {
			isa = XCConfigurationList;
			buildConfigurations = (
				A7BC56242C233BC700B8ECEE /* Debug */,
				A7BC56252C233BC700B8ECEE /* Release */,
			);
			defaultConfigurationIsVisible = 0;
			defaultConfigurationName = Release;
		};
		A7BC56262C233BC700B8ECEE /* Build configuration list for PBXNativeTarget "RoutineBuilderTests" */ = {
			isa = XCConfigurationList;
			buildConfigurations = (
				A7BC56272C233BC700B8ECEE /* Debug */,
				A7BC56282C233BC700B8ECEE /* Release */,
			);
			defaultConfigurationIsVisible = 0;
			defaultConfigurationName = Release;
		};
		A7BC56292C233BC700B8ECEE /* Build configuration list for PBXNativeTarget "RoutineBuilderUITests" */ = {
			isa = XCConfigurationList;
			buildConfigurations = (
				A7BC562A2C233BC700B8ECEE /* Debug */,
				A7BC562B2C233BC700B8ECEE /* Release */,
			);
			defaultConfigurationIsVisible = 0;
			defaultConfigurationName = Release;
		};
/* End XCConfigurationList section */

/* Begin XCRemoteSwiftPackageReference section */
		A76964602C23425A00D5CD2D /* XCRemoteSwiftPackageReference "SwiftLint" */ = {
			isa = XCRemoteSwiftPackageReference;
			repositoryURL = "https://github.com/realm/SwiftLint";
			requirement = {
				kind = upToNextMajorVersion;
				minimumVersion = 0.55.1;
			};
		};
/* End XCRemoteSwiftPackageReference section */

/* Begin XCSwiftPackageProductDependency section */
		A76964612C2342AC00D5CD2D /* SwiftLintBuildToolPlugin */ = {
			isa = XCSwiftPackageProductDependency;
			package = A76964602C23425A00D5CD2D /* XCRemoteSwiftPackageReference "SwiftLint" */;
			productName = "plugin:SwiftLintBuildToolPlugin";
		};
		A76964632C2342D900D5CD2D /* SwiftLintBuildToolPlugin */ = {
			isa = XCSwiftPackageProductDependency;
			package = A76964602C23425A00D5CD2D /* XCRemoteSwiftPackageReference "SwiftLint" */;
			productName = "plugin:SwiftLintBuildToolPlugin";
		};
		A76964652C2342DD00D5CD2D /* SwiftLintBuildToolPlugin */ = {
			isa = XCSwiftPackageProductDependency;
			package = A76964602C23425A00D5CD2D /* XCRemoteSwiftPackageReference "SwiftLint" */;
			productName = "plugin:SwiftLintBuildToolPlugin";
		};
/* End XCSwiftPackageProductDependency section */
	};
	rootObject = A7BC55F52C233BC600B8ECEE /* Project object */;
}
